
Microsoft Visual Studio Solution File, Format Version 12.00
# Visual Studio Version 16
VisualStudioVersion = 16.0.31624.102
MinimumVisualStudioVersion = 10.0.40219.1
Project("{00D1A9C2-B5F0-4AF3-8072-F6C62B433612}") = "railtask", "railtask1\railtask.sqlproj", "{4F45C554-D06B-4F42-B1B1-96B3D12A335C}"
EndProject
Project("{FAE04EC0-301F-11D3-BF4B-00C04F79EFBC}") = "runner", "runner\runner.csproj", "{73871B32-830A-4EDC-AA29-CE78952B762F}"
EndProject
Project("{FAE04EC0-301F-11D3-BF4B-00C04F79EFBC}") = "datalayered", "datalayered\datalayered.csproj", "{BE1DB531-F110-4B3F-A2ED-09D2F8D994BC}"
EndProject
Global
	GlobalSection(SolutionConfigurationPlatforms) = preSolution
		Debug|Any CPU = Debug|Any CPU
		Release|Any CPU = Release|Any CPU
	EndGlobalSection
	GlobalSection(ProjectConfigurationPlatforms) = postSolution
		{4F45C554-D06B-4F42-B1B1-96B3D12A335C}.Debug|Any CPU.ActiveCfg = Debug|Any CPU
		{4F45C554-D06B-4F42-B1B1-96B3D12A335C}.Debug|Any CPU.Build.0 = Debug|Any CPU
		{4F45C554-D06B-4F42-B1B1-96B3D12A335C}.Debug|Any CPU.Deploy.0 = Debug|Any CPU
		{4F45C554-D06B-4F42-B1B1-96B3D12A335C}.Release|Any CPU.ActiveCfg = Release|Any CPU
		{4F45C554-D06B-4F42-B1B1-96B3D12A335C}.Release|Any CPU.Build.0 = Release|Any CPU
		{4F45C554-D06B-4F42-B1B1-96B3D12A335C}.Release|Any CPU.Deploy.0 = Release|Any CPU
		{73871B32-830A-4EDC-AA29-CE78952B762F}.Debug|Any CPU.ActiveCfg = Debug|Any CPU
		{73871B32-830A-4EDC-AA29-CE78952B762F}.Debug|Any CPU.Build.0 = Debug|Any CPU
		{73871B32-830A-4EDC-AA29-CE78952B762F}.Release|Any CPU.ActiveCfg = Release|Any CPU
		{73871B32-830A-4EDC-AA29-CE78952B762F}.Release|Any CPU.Build.0 = Release|Any CPU
		{BE1DB531-F110-4B3F-A2ED-09D2F8D994BC}.Debug|Any CPU.ActiveCfg = Debug|Any CPU
		{BE1DB531-F110-4B3F-A2ED-09D2F8D994BC}.Debug|Any CPU.Build.0 = Debug|Any CPU
		{BE1DB531-F110-4B3F-A2ED-09D2F8D994BC}.Release|Any CPU.ActiveCfg = Release|Any CPU
		{BE1DB531-F110-4B3F-A2ED-09D2F8D994BC}.Release|Any CPU.Build.0 = Release|Any CPU
	EndGlobalSection
	GlobalSection(SolutionProperties) = preSolution
		HideSolutionNode = FALSE
	EndGlobalSection
	GlobalSection(ExtensibilityGlobals) = postSolution
		SolutionGuid = {4D5C07A3-6680-499F-8FDF-69524B622B4F}
	EndGlobalSection
EndGlobal
